<?xml version="1.0" encoding="utf-8"?>
<Project ToolsVersion="4.0" xmlns="http://schemas.microsoft.com/developer/msbuild/2003">
  <ItemGroup>
    <Filter Include="Source Files">
      <UniqueIdentifier>{4FC737F1-C7A5-4376-A066-2A32D752A2FF}</UniqueIdentifier>
      <Extensions>cpp;c;cc;cxx;def;odl;idl;hpj;bat;asm;asmx</Extensions>
    </Filter>
    <Filter Include="Header Files">
      <UniqueIdentifier>{93995380-89BD-4b04-88EB-625FBE52EBFB}</UniqueIdentifier>
      <Extensions>h;hpp;hxx;hm;inl;inc;xsd</Extensions>
    </Filter>
    <Filter Include="Resource Files">
      <UniqueIdentifier>{67DA6AB6-F800-4c08-8B7A-83BB121AAD01}</UniqueIdentifier>
      <Extensions>rc;ico;cur;bmp;dlg;rc2;rct;bin;rgs;gif;jpg;jpeg;jpe;resx;tiff;tif;png;wav</Extensions>
    </Filter>
    <Filter Include="qdiff">
      <UniqueIdentifier>{70ffdca5-50fd-43bd-a283-f84f57c482c2}</UniqueIdentifier>
    </Filter>
    <Filter Include="qdiff\include">
      <UniqueIdentifier>{10907209-5804-46dc-9f34-677164745a95}</UniqueIdentifier>
    </Filter>
    <Filter Include="qdiff\src">
      <UniqueIdentifier>{41c7da27-69e4-47b2-98bc-92c5664a3577}</UniqueIdentifier>
    </Filter>
  </ItemGroup>
  <ItemGroup>
    <ClCompile Include="qdiff_test.cpp">
      <Filter>Source Files</Filter>
    </ClCompile>
    <ClCompile Include="sort_test.cpp">
      <Filter>Source Files</Filter>
    </ClCompile>
    <ClCompile Include="..\qdiff\sort.cpp">
      <Filter>qdiff\src</Filter>
    </ClCompile>
    <ClCompile Include="path_test.cpp">
      <Filter>Source Files</Filter>
    </ClCompile>
    <ClCompile Include="pointer_test.cpp">
      <Filter>Source Files</Filter>
    </ClCompile>
  </ItemGroup>
  <ItemGroup>
    <ClInclude Include="sort_test.h">
      <Filter>Header Files</Filter>
    </ClInclude>
    <ClInclude Include="targetver.h">
      <Filter>Header Files</Filter>
    </ClInclude>
    <ClInclude Include="..\qdiff\sort.h">
      <Filter>qdiff\include</Filter>
    </ClInclude>
    <ClInclude Include="path_test.h">
      <Filter>Header Files</Filter>
    </ClInclude>
    <ClInclude Include="pointer_test.h">
      <Filter>Header Files</Filter>
    </ClInclude>
  </ItemGroup>
  <ItemGroup>
    <None Include="ReadMe.txt" />
  </ItemGroup>
</Project>